// !$*UTF8*$!
{
	archiveVersion = 1;
	classes = {
	};
	objectVersion = 46;
	objects = {

/* Begin PBXBuildFile section */
		35228C531E5E17050082B14F /* Polyline.framework in Frameworks */ = {isa = PBXBuildFile; fileRef = 35228C521E5E17050082B14F /* Polyline.framework */; };
		35228C551E5E17090082B14F /* MapboxDirections.framework in Frameworks */ = {isa = PBXBuildFile; fileRef = 35228C541E5E17090082B14F /* MapboxDirections.framework */; };
		352BBC2C1E5E4D4200703DF1 /* OSRMTextInstructionsTests.swift in Sources */ = {isa = PBXBuildFile; fileRef = 352BBC2B1E5E4D4200703DF1 /* OSRMTextInstructionsTests.swift */; };
		352BBC2E1E5E4D4200703DF1 /* OSRMTextInstructions.framework in Frameworks */ = {isa = PBXBuildFile; fileRef = 35EBDB5D1E5E1572006EB3CD /* OSRMTextInstructions.framework */; };
		352BBC391E5E5AB400703DF1 /* osrm-text-instructions in Resources */ = {isa = PBXBuildFile; fileRef = 352BBC381E5E5AB400703DF1 /* osrm-text-instructions */; };
		358D145A1E5E355600ADE590 /* OSRMTextInstructions.h in Headers */ = {isa = PBXBuildFile; fileRef = 358D14571E5E355600ADE590 /* OSRMTextInstructions.h */; settings = {ATTRIBUTES = (Public, ); }; };
		358D145B1E5E355600ADE590 /* OSRMTextInstructions.swift in Sources */ = {isa = PBXBuildFile; fileRef = 358D14581E5E355600ADE590 /* OSRMTextInstructions.swift */; };
		C51B63E91E65FA04002F4634 /* TokenType.swift in Sources */ = {isa = PBXBuildFile; fileRef = C51B63E81E65FA04002F4634 /* TokenType.swift */; };
		DA5F589C1E85A32C00BA4D0A /* OSRMTextInstructions.framework in Frameworks */ = {isa = PBXBuildFile; fileRef = DA5F58931E85A32C00BA4D0A /* OSRMTextInstructions.framework */; };
		DA5F58AB1E85B0A000BA4D0A /* OSRMTextInstructions.h in Headers */ = {isa = PBXBuildFile; fileRef = 358D14571E5E355600ADE590 /* OSRMTextInstructions.h */; settings = {ATTRIBUTES = (Public, ); }; };
		DA5F58AC1E85B0A500BA4D0A /* OSRMTextInstructions.swift in Sources */ = {isa = PBXBuildFile; fileRef = 358D14581E5E355600ADE590 /* OSRMTextInstructions.swift */; };
		DA5F58AD1E85B0A500BA4D0A /* TokenType.swift in Sources */ = {isa = PBXBuildFile; fileRef = C51B63E81E65FA04002F4634 /* TokenType.swift */; };
		DA5F58AE1E85B0AE00BA4D0A /* OSRMTextInstructionsTests.swift in Sources */ = {isa = PBXBuildFile; fileRef = 352BBC2B1E5E4D4200703DF1 /* OSRMTextInstructionsTests.swift */; };
		DA5F58C11E85B43200BA4D0A /* MapboxDirections.framework in Frameworks */ = {isa = PBXBuildFile; fileRef = DA5F58B61E85B24E00BA4D0A /* MapboxDirections.framework */; };
		DA5F58C21E85B43200BA4D0A /* Polyline.framework in Frameworks */ = {isa = PBXBuildFile; fileRef = DA5F58B71E85B24E00BA4D0A /* Polyline.framework */; };
		DA5F58E11E85BDCE00BA4D0A /* osrm-text-instructions in Resources */ = {isa = PBXBuildFile; fileRef = 352BBC381E5E5AB400703DF1 /* osrm-text-instructions */; };
		DA5F58E21E85BDCE00BA4D0A /* osrm-text-instructions in Resources */ = {isa = PBXBuildFile; fileRef = 352BBC381E5E5AB400703DF1 /* osrm-text-instructions */; };
		DA5F58E31E85BE1100BA4D0A /* OSRMTextInstructions.h in Headers */ = {isa = PBXBuildFile; fileRef = 358D14571E5E355600ADE590 /* OSRMTextInstructions.h */; settings = {ATTRIBUTES = (Public, ); }; };
		DA5F58E41E85BE1500BA4D0A /* OSRMTextInstructions.swift in Sources */ = {isa = PBXBuildFile; fileRef = 358D14581E5E355600ADE590 /* OSRMTextInstructions.swift */; };
		DA5F58E51E85BE1500BA4D0A /* TokenType.swift in Sources */ = {isa = PBXBuildFile; fileRef = C51B63E81E65FA04002F4634 /* TokenType.swift */; };
		DA5F58E61E85BE1900BA4D0A /* OSRMTextInstructionsTests.swift in Sources */ = {isa = PBXBuildFile; fileRef = 352BBC2B1E5E4D4200703DF1 /* OSRMTextInstructionsTests.swift */; };
		DA5F58EA1E85BE5C00BA4D0A /* MapboxDirections.framework in Frameworks */ = {isa = PBXBuildFile; fileRef = DA5F58E81E85BE5C00BA4D0A /* MapboxDirections.framework */; };
		DA5F58EB1E85BE5C00BA4D0A /* Polyline.framework in Frameworks */ = {isa = PBXBuildFile; fileRef = DA5F58E91E85BE5C00BA4D0A /* Polyline.framework */; };
		DA5F58ED1E85BF2D00BA4D0A /* OSRMTextInstructions.framework in Frameworks */ = {isa = PBXBuildFile; fileRef = DA5F58C81E85BA5D00BA4D0A /* OSRMTextInstructions.framework */; };
		DA5F58EE1E85C10700BA4D0A /* MapboxDirections.framework in Frameworks */ = {isa = PBXBuildFile; fileRef = DA5F58E81E85BE5C00BA4D0A /* MapboxDirections.framework */; };
		DA5F58FC1E85C19A00BA4D0A /* OSRMTextInstructions.h in Headers */ = {isa = PBXBuildFile; fileRef = 358D14571E5E355600ADE590 /* OSRMTextInstructions.h */; settings = {ATTRIBUTES = (Public, ); }; };
		DA5F58FD1E85C19E00BA4D0A /* OSRMTextInstructions.swift in Sources */ = {isa = PBXBuildFile; fileRef = 358D14581E5E355600ADE590 /* OSRMTextInstructions.swift */; };
		DA5F58FE1E85C19E00BA4D0A /* TokenType.swift in Sources */ = {isa = PBXBuildFile; fileRef = C51B63E81E65FA04002F4634 /* TokenType.swift */; };
		DA5F59011E85C1B200BA4D0A /* MapboxDirections.framework in Frameworks */ = {isa = PBXBuildFile; fileRef = DA5F58FF1E85C1B200BA4D0A /* MapboxDirections.framework */; };
		DA5F59021E85C1B200BA4D0A /* Polyline.framework in Frameworks */ = {isa = PBXBuildFile; fileRef = DA5F59001E85C1B200BA4D0A /* Polyline.framework */; };
/* End PBXBuildFile section */

/* Begin PBXContainerItemProxy section */
		352BBC2F1E5E4D4200703DF1 /* PBXContainerItemProxy */ = {
			isa = PBXContainerItemProxy;
			containerPortal = 35EBDB541E5E1572006EB3CD /* Project object */;
			proxyType = 1;
			remoteGlobalIDString = 35EBDB5C1E5E1572006EB3CD;
			remoteInfo = OSRMTextInstructions;
		};
		DA5F589D1E85A32C00BA4D0A /* PBXContainerItemProxy */ = {
			isa = PBXContainerItemProxy;
			containerPortal = 35EBDB541E5E1572006EB3CD /* Project object */;
			proxyType = 1;
			remoteGlobalIDString = DA5F58921E85A32C00BA4D0A;
			remoteInfo = OSRMTextInstructionsMac;
		};
		DA5F58D21E85BA5D00BA4D0A /* PBXContainerItemProxy */ = {
			isa = PBXContainerItemProxy;
			containerPortal = 35EBDB541E5E1572006EB3CD /* Project object */;
			proxyType = 1;
			remoteGlobalIDString = DA5F58C71E85BA5D00BA4D0A;
			remoteInfo = OSRMTextInstructionsTV;
		};
/* End PBXContainerItemProxy section */

/* Begin PBXFileReference section */
		35228C521E5E17050082B14F /* Polyline.framework */ = {isa = PBXFileReference; lastKnownFileType = wrapper.framework; name = Polyline.framework; path = Carthage/Build/iOS/Polyline.framework; sourceTree = "<group>"; };
		35228C541E5E17090082B14F /* MapboxDirections.framework */ = {isa = PBXFileReference; lastKnownFileType = wrapper.framework; name = MapboxDirections.framework; path = Carthage/Build/iOS/MapboxDirections.framework; sourceTree = "<group>"; };
		352BBC291E5E4D4200703DF1 /* OSRMTextInstructionsTests.xctest */ = {isa = PBXFileReference; explicitFileType = wrapper.cfbundle; includeInIndex = 0; path = OSRMTextInstructionsTests.xctest; sourceTree = BUILT_PRODUCTS_DIR; };
		352BBC2B1E5E4D4200703DF1 /* OSRMTextInstructionsTests.swift */ = {isa = PBXFileReference; lastKnownFileType = sourcecode.swift; path = OSRMTextInstructionsTests.swift; sourceTree = "<group>"; };
		352BBC2D1E5E4D4200703DF1 /* Info.plist */ = {isa = PBXFileReference; lastKnownFileType = text.plist.xml; path = Info.plist; sourceTree = "<group>"; };
		352BBC381E5E5AB400703DF1 /* osrm-text-instructions */ = {isa = PBXFileReference; lastKnownFileType = folder; path = "osrm-text-instructions"; sourceTree = "<group>"; };
		358D14561E5E355600ADE590 /* Info.plist */ = {isa = PBXFileReference; fileEncoding = 4; lastKnownFileType = text.plist.xml; path = Info.plist; sourceTree = "<group>"; };
		358D14571E5E355600ADE590 /* OSRMTextInstructions.h */ = {isa = PBXFileReference; fileEncoding = 4; lastKnownFileType = sourcecode.c.h; path = OSRMTextInstructions.h; sourceTree = "<group>"; };
		358D14581E5E355600ADE590 /* OSRMTextInstructions.swift */ = {isa = PBXFileReference; fileEncoding = 4; lastKnownFileType = sourcecode.swift; path = OSRMTextInstructions.swift; sourceTree = "<group>"; };
		35EBDB5D1E5E1572006EB3CD /* OSRMTextInstructions.framework */ = {isa = PBXFileReference; explicitFileType = wrapper.framework; includeInIndex = 0; path = OSRMTextInstructions.framework; sourceTree = BUILT_PRODUCTS_DIR; };
		C51B63E81E65FA04002F4634 /* TokenType.swift */ = {isa = PBXFileReference; fileEncoding = 4; lastKnownFileType = sourcecode.swift; path = TokenType.swift; sourceTree = "<group>"; };
		DA2DFB3B1E8373AF00CEEBE9 /* json2plist.sh */ = {isa = PBXFileReference; fileEncoding = 4; lastKnownFileType = text.script.sh; path = json2plist.sh; sourceTree = "<group>"; };
		DA5F58931E85A32C00BA4D0A /* OSRMTextInstructions.framework */ = {isa = PBXFileReference; explicitFileType = wrapper.framework; includeInIndex = 0; path = OSRMTextInstructions.framework; sourceTree = BUILT_PRODUCTS_DIR; };
		DA5F589B1E85A32C00BA4D0A /* OSRMTextInstructionsTests.xctest */ = {isa = PBXFileReference; explicitFileType = wrapper.cfbundle; includeInIndex = 0; path = OSRMTextInstructionsTests.xctest; sourceTree = BUILT_PRODUCTS_DIR; };
		DA5F58B61E85B24E00BA4D0A /* MapboxDirections.framework */ = {isa = PBXFileReference; lastKnownFileType = wrapper.framework; name = MapboxDirections.framework; path = Carthage/Build/Mac/MapboxDirections.framework; sourceTree = "<group>"; };
		DA5F58B71E85B24E00BA4D0A /* Polyline.framework */ = {isa = PBXFileReference; lastKnownFileType = wrapper.framework; name = Polyline.framework; path = Carthage/Build/Mac/Polyline.framework; sourceTree = "<group>"; };
		DA5F58C81E85BA5D00BA4D0A /* OSRMTextInstructions.framework */ = {isa = PBXFileReference; explicitFileType = wrapper.framework; includeInIndex = 0; path = OSRMTextInstructions.framework; sourceTree = BUILT_PRODUCTS_DIR; };
		DA5F58D01E85BA5D00BA4D0A /* OSRMTextInstructionsTests.xctest */ = {isa = PBXFileReference; explicitFileType = wrapper.cfbundle; includeInIndex = 0; path = OSRMTextInstructionsTests.xctest; sourceTree = BUILT_PRODUCTS_DIR; };
		DA5F58E81E85BE5C00BA4D0A /* MapboxDirections.framework */ = {isa = PBXFileReference; lastKnownFileType = wrapper.framework; name = MapboxDirections.framework; path = Carthage/Build/tvOS/MapboxDirections.framework; sourceTree = "<group>"; };
		DA5F58E91E85BE5C00BA4D0A /* Polyline.framework */ = {isa = PBXFileReference; lastKnownFileType = wrapper.framework; name = Polyline.framework; path = Carthage/Build/tvOS/Polyline.framework; sourceTree = "<group>"; };
		DA5F58F41E85C13700BA4D0A /* OSRMTextInstructions.framework */ = {isa = PBXFileReference; explicitFileType = wrapper.framework; includeInIndex = 0; path = OSRMTextInstructions.framework; sourceTree = BUILT_PRODUCTS_DIR; };
		DA5F58FF1E85C1B200BA4D0A /* MapboxDirections.framework */ = {isa = PBXFileReference; lastKnownFileType = wrapper.framework; name = MapboxDirections.framework; path = Carthage/Build/watchOS/MapboxDirections.framework; sourceTree = "<group>"; };
		DA5F59001E85C1B200BA4D0A /* Polyline.framework */ = {isa = PBXFileReference; lastKnownFileType = wrapper.framework; name = Polyline.framework; path = Carthage/Build/watchOS/Polyline.framework; sourceTree = "<group>"; };
/* End PBXFileReference section */

/* Begin PBXFrameworksBuildPhase section */
		352BBC261E5E4D4200703DF1 /* Frameworks */ = {
			isa = PBXFrameworksBuildPhase;
			buildActionMask = 2147483647;
			files = (
				352BBC2E1E5E4D4200703DF1 /* OSRMTextInstructions.framework in Frameworks */,
			);
			runOnlyForDeploymentPostprocessing = 0;
		};
		35EBDB591E5E1572006EB3CD /* Frameworks */ = {
			isa = PBXFrameworksBuildPhase;
			buildActionMask = 2147483647;
			files = (
				35228C531E5E17050082B14F /* Polyline.framework in Frameworks */,
				35228C551E5E17090082B14F /* MapboxDirections.framework in Frameworks */,
			);
			runOnlyForDeploymentPostprocessing = 0;
		};
		DA5F588F1E85A32C00BA4D0A /* Frameworks */ = {
			isa = PBXFrameworksBuildPhase;
			buildActionMask = 2147483647;
			files = (
				DA5F58C11E85B43200BA4D0A /* MapboxDirections.framework in Frameworks */,
				DA5F58C21E85B43200BA4D0A /* Polyline.framework in Frameworks */,
			);
			runOnlyForDeploymentPostprocessing = 0;
		};
		DA5F58981E85A32C00BA4D0A /* Frameworks */ = {
			isa = PBXFrameworksBuildPhase;
			buildActionMask = 2147483647;
			files = (
				DA5F589C1E85A32C00BA4D0A /* OSRMTextInstructions.framework in Frameworks */,
			);
			runOnlyForDeploymentPostprocessing = 0;
		};
		DA5F58C41E85BA5D00BA4D0A /* Frameworks */ = {
			isa = PBXFrameworksBuildPhase;
			buildActionMask = 2147483647;
			files = (
				DA5F58EA1E85BE5C00BA4D0A /* MapboxDirections.framework in Frameworks */,
				DA5F58EB1E85BE5C00BA4D0A /* Polyline.framework in Frameworks */,
			);
			runOnlyForDeploymentPostprocessing = 0;
		};
		DA5F58CD1E85BA5D00BA4D0A /* Frameworks */ = {
			isa = PBXFrameworksBuildPhase;
			buildActionMask = 2147483647;
			files = (
				DA5F58ED1E85BF2D00BA4D0A /* OSRMTextInstructions.framework in Frameworks */,
				DA5F58EE1E85C10700BA4D0A /* MapboxDirections.framework in Frameworks */,
			);
			runOnlyForDeploymentPostprocessing = 0;
		};
		DA5F58F01E85C13700BA4D0A /* Frameworks */ = {
			isa = PBXFrameworksBuildPhase;
			buildActionMask = 2147483647;
			files = (
				DA5F59011E85C1B200BA4D0A /* MapboxDirections.framework in Frameworks */,
				DA5F59021E85C1B200BA4D0A /* Polyline.framework in Frameworks */,
			);
			runOnlyForDeploymentPostprocessing = 0;
		};
/* End PBXFrameworksBuildPhase section */

/* Begin PBXGroup section */
		35228C511E5E17040082B14F /* Frameworks */ = {
			isa = PBXGroup;
			children = (
				35228C541E5E17090082B14F /* MapboxDirections.framework */,
				35228C521E5E17050082B14F /* Polyline.framework */,
				DA5F58B61E85B24E00BA4D0A /* MapboxDirections.framework */,
				DA5F58B71E85B24E00BA4D0A /* Polyline.framework */,
				DA5F58E81E85BE5C00BA4D0A /* MapboxDirections.framework */,
				DA5F58E91E85BE5C00BA4D0A /* Polyline.framework */,
				DA5F58FF1E85C1B200BA4D0A /* MapboxDirections.framework */,
				DA5F59001E85C1B200BA4D0A /* Polyline.framework */,
			);
			name = Frameworks;
			sourceTree = "<group>";
		};
		352BBC2A1E5E4D4200703DF1 /* OSRMTextInstructionsTests */ = {
			isa = PBXGroup;
			children = (
				352BBC2B1E5E4D4200703DF1 /* OSRMTextInstructionsTests.swift */,
				352BBC2D1E5E4D4200703DF1 /* Info.plist */,
			);
			path = OSRMTextInstructionsTests;
			sourceTree = "<group>";
		};
		35EBDB531E5E1572006EB3CD = {
			isa = PBXGroup;
			children = (
				352BBC381E5E5AB400703DF1 /* osrm-text-instructions */,
				35EBDB5F1E5E1572006EB3CD /* OSRMTextInstructions */,
				352BBC2A1E5E4D4200703DF1 /* OSRMTextInstructionsTests */,
				DA2DFB3A1E8373A100CEEBE9 /* Scripts */,
				35EBDB5E1E5E1572006EB3CD /* Products */,
				35228C511E5E17040082B14F /* Frameworks */,
			);
			sourceTree = "<group>";
		};
		35EBDB5E1E5E1572006EB3CD /* Products */ = {
			isa = PBXGroup;
			children = (
				35EBDB5D1E5E1572006EB3CD /* OSRMTextInstructions.framework */,
				352BBC291E5E4D4200703DF1 /* OSRMTextInstructionsTests.xctest */,
				DA5F58931E85A32C00BA4D0A /* OSRMTextInstructions.framework */,
				DA5F589B1E85A32C00BA4D0A /* OSRMTextInstructionsTests.xctest */,
				DA5F58C81E85BA5D00BA4D0A /* OSRMTextInstructions.framework */,
				DA5F58D01E85BA5D00BA4D0A /* OSRMTextInstructionsTests.xctest */,
				DA5F58F41E85C13700BA4D0A /* OSRMTextInstructions.framework */,
			);
			name = Products;
			sourceTree = "<group>";
		};
		35EBDB5F1E5E1572006EB3CD /* OSRMTextInstructions */ = {
			isa = PBXGroup;
			children = (
				358D14561E5E355600ADE590 /* Info.plist */,
				358D14571E5E355600ADE590 /* OSRMTextInstructions.h */,
				358D14581E5E355600ADE590 /* OSRMTextInstructions.swift */,
				C51B63E81E65FA04002F4634 /* TokenType.swift */,
			);
			path = OSRMTextInstructions;
			sourceTree = "<group>";
		};
		DA2DFB3A1E8373A100CEEBE9 /* Scripts */ = {
			isa = PBXGroup;
			children = (
				DA2DFB3B1E8373AF00CEEBE9 /* json2plist.sh */,
			);
			name = Scripts;
			sourceTree = "<group>";
		};
/* End PBXGroup section */

/* Begin PBXHeadersBuildPhase section */
		35EBDB5A1E5E1572006EB3CD /* Headers */ = {
			isa = PBXHeadersBuildPhase;
			buildActionMask = 2147483647;
			files = (
				358D145A1E5E355600ADE590 /* OSRMTextInstructions.h in Headers */,
			);
			runOnlyForDeploymentPostprocessing = 0;
		};
		DA5F58901E85A32C00BA4D0A /* Headers */ = {
			isa = PBXHeadersBuildPhase;
			buildActionMask = 2147483647;
			files = (
				DA5F58AB1E85B0A000BA4D0A /* OSRMTextInstructions.h in Headers */,
			);
			runOnlyForDeploymentPostprocessing = 0;
		};
		DA5F58C51E85BA5D00BA4D0A /* Headers */ = {
			isa = PBXHeadersBuildPhase;
			buildActionMask = 2147483647;
			files = (
				DA5F58E31E85BE1100BA4D0A /* OSRMTextInstructions.h in Headers */,
			);
			runOnlyForDeploymentPostprocessing = 0;
		};
		DA5F58F11E85C13700BA4D0A /* Headers */ = {
			isa = PBXHeadersBuildPhase;
			buildActionMask = 2147483647;
			files = (
				DA5F58FC1E85C19A00BA4D0A /* OSRMTextInstructions.h in Headers */,
			);
			runOnlyForDeploymentPostprocessing = 0;
		};
/* End PBXHeadersBuildPhase section */

/* Begin PBXNativeTarget section */
		352BBC281E5E4D4200703DF1 /* OSRMTextInstructionsTests */ = {
			isa = PBXNativeTarget;
			buildConfigurationList = 352BBC331E5E4D4200703DF1 /* Build configuration list for PBXNativeTarget "OSRMTextInstructionsTests" */;
			buildPhases = (
				352BBC251E5E4D4200703DF1 /* Sources */,
				352BBC261E5E4D4200703DF1 /* Frameworks */,
				352BBC271E5E4D4200703DF1 /* Resources */,
				352BBC371E5E507800703DF1 /* ShellScript */,
			);
			buildRules = (
			);
			dependencies = (
				352BBC301E5E4D4200703DF1 /* PBXTargetDependency */,
			);
			name = OSRMTextInstructionsTests;
			productName = OSRMTextInstructionsTests;
			productReference = 352BBC291E5E4D4200703DF1 /* OSRMTextInstructionsTests.xctest */;
			productType = "com.apple.product-type.bundle.unit-test";
		};
		35EBDB5C1E5E1572006EB3CD /* OSRMTextInstructions */ = {
			isa = PBXNativeTarget;
			buildConfigurationList = 35EBDB651E5E1572006EB3CD /* Build configuration list for PBXNativeTarget "OSRMTextInstructions" */;
			buildPhases = (
				35EBDB581E5E1572006EB3CD /* Sources */,
				35EBDB591E5E1572006EB3CD /* Frameworks */,
				35EBDB5A1E5E1572006EB3CD /* Headers */,
				35EBDB5B1E5E1572006EB3CD /* Resources */,
				DA2DFB411E84521100CEEBE9 /* Copy Instructions Property Lists */,
			);
			buildRules = (
			);
			dependencies = (
			);
			name = OSRMTextInstructions;
			productName = "osrm-text-instructions";
			productReference = 35EBDB5D1E5E1572006EB3CD /* OSRMTextInstructions.framework */;
			productType = "com.apple.product-type.framework";
		};
		DA5F58921E85A32C00BA4D0A /* OSRMTextInstructionsMac */ = {
			isa = PBXNativeTarget;
			buildConfigurationList = DA5F58A81E85A32C00BA4D0A /* Build configuration list for PBXNativeTarget "OSRMTextInstructionsMac" */;
			buildPhases = (
				DA5F588E1E85A32C00BA4D0A /* Sources */,
				DA5F588F1E85A32C00BA4D0A /* Frameworks */,
				DA5F58901E85A32C00BA4D0A /* Headers */,
				DA5F58911E85A32C00BA4D0A /* Resources */,
				DA5F58B11E85B12100BA4D0A /* Copy Instructions Property Lists */,
			);
			buildRules = (
			);
			dependencies = (
			);
			name = OSRMTextInstructionsMac;
			productName = OSRMTextInstructionsMac;
			productReference = DA5F58931E85A32C00BA4D0A /* OSRMTextInstructions.framework */;
			productType = "com.apple.product-type.framework";
		};
		DA5F589A1E85A32C00BA4D0A /* OSRMTextInstructionsMacTests */ = {
			isa = PBXNativeTarget;
			buildConfigurationList = DA5F58A91E85A32C00BA4D0A /* Build configuration list for PBXNativeTarget "OSRMTextInstructionsMacTests" */;
			buildPhases = (
				DA5F58971E85A32C00BA4D0A /* Sources */,
				DA5F58981E85A32C00BA4D0A /* Frameworks */,
				DA5F58991E85A32C00BA4D0A /* Resources */,
				DA5F58E01E85BCC400BA4D0A /* ShellScript */,
			);
			buildRules = (
			);
			dependencies = (
				DA5F589E1E85A32C00BA4D0A /* PBXTargetDependency */,
			);
			name = OSRMTextInstructionsMacTests;
			productName = OSRMTextInstructionsMacTests;
			productReference = DA5F589B1E85A32C00BA4D0A /* OSRMTextInstructionsTests.xctest */;
			productType = "com.apple.product-type.bundle.unit-test";
		};
		DA5F58C71E85BA5D00BA4D0A /* OSRMTextInstructionsTV */ = {
			isa = PBXNativeTarget;
			buildConfigurationList = DA5F58D91E85BA5D00BA4D0A /* Build configuration list for PBXNativeTarget "OSRMTextInstructionsTV" */;
			buildPhases = (
				DA5F58C31E85BA5D00BA4D0A /* Sources */,
				DA5F58C41E85BA5D00BA4D0A /* Frameworks */,
				DA5F58C51E85BA5D00BA4D0A /* Headers */,
				DA5F58C61E85BA5D00BA4D0A /* Resources */,
				DA5F58E71E85BE2A00BA4D0A /* Copy Instructions Property Lists */,
			);
			buildRules = (
			);
			dependencies = (
			);
			name = OSRMTextInstructionsTV;
			productName = OSRMTextInstructionsTV;
			productReference = DA5F58C81E85BA5D00BA4D0A /* OSRMTextInstructions.framework */;
			productType = "com.apple.product-type.framework";
		};
		DA5F58CF1E85BA5D00BA4D0A /* OSRMTextInstructionsTVTests */ = {
			isa = PBXNativeTarget;
			buildConfigurationList = DA5F58DC1E85BA5D00BA4D0A /* Build configuration list for PBXNativeTarget "OSRMTextInstructionsTVTests" */;
			buildPhases = (
				DA5F58CC1E85BA5D00BA4D0A /* Sources */,
				DA5F58CD1E85BA5D00BA4D0A /* Frameworks */,
				DA5F58CE1E85BA5D00BA4D0A /* Resources */,
				DA5F58EC1E85BEBE00BA4D0A /* ShellScript */,
			);
			buildRules = (
			);
			dependencies = (
				DA5F58D31E85BA5D00BA4D0A /* PBXTargetDependency */,
			);
			name = OSRMTextInstructionsTVTests;
			productName = OSRMTextInstructionsTVTests;
			productReference = DA5F58D01E85BA5D00BA4D0A /* OSRMTextInstructionsTests.xctest */;
			productType = "com.apple.product-type.bundle.unit-test";
		};
		DA5F58F31E85C13700BA4D0A /* OSRMTextInstructionsWatch */ = {
			isa = PBXNativeTarget;
			buildConfigurationList = DA5F58F91E85C13700BA4D0A /* Build configuration list for PBXNativeTarget "OSRMTextInstructionsWatch" */;
			buildPhases = (
				DA5F58EF1E85C13700BA4D0A /* Sources */,
				DA5F58F01E85C13700BA4D0A /* Frameworks */,
				DA5F58F11E85C13700BA4D0A /* Headers */,
				DA5F58F21E85C13700BA4D0A /* Resources */,
				DA5F59031E85C1D700BA4D0A /* Copy Instructions Property Lists */,
			);
			buildRules = (
			);
			dependencies = (
			);
			name = OSRMTextInstructionsWatch;
			productName = OSRMTextInstructionsWatch;
			productReference = DA5F58F41E85C13700BA4D0A /* OSRMTextInstructions.framework */;
			productType = "com.apple.product-type.framework";
		};
/* End PBXNativeTarget section */

/* Begin PBXProject section */
		35EBDB541E5E1572006EB3CD /* Project object */ = {
			isa = PBXProject;
			attributes = {
				LastSwiftUpdateCheck = 0820;
				LastUpgradeCheck = 0820;
				TargetAttributes = {
					352BBC281E5E4D4200703DF1 = {
						CreatedOnToolsVersion = 8.2.1;
						DevelopmentTeam = GJZR2MEM28;
						ProvisioningStyle = Automatic;
					};
					35EBDB5C1E5E1572006EB3CD = {
						CreatedOnToolsVersion = 8.2.1;
						DevelopmentTeam = GJZR2MEM28;
						LastSwiftMigration = 0820;
						ProvisioningStyle = Automatic;
					};
					DA5F58921E85A32C00BA4D0A = {
						CreatedOnToolsVersion = 8.2.1;
						DevelopmentTeam = GJZR2MEM28;
						ProvisioningStyle = Automatic;
					};
					DA5F589A1E85A32C00BA4D0A = {
						CreatedOnToolsVersion = 8.2.1;
						DevelopmentTeam = GJZR2MEM28;
						ProvisioningStyle = Automatic;
					};
					DA5F58C71E85BA5D00BA4D0A = {
						CreatedOnToolsVersion = 8.2.1;
						DevelopmentTeam = GJZR2MEM28;
						ProvisioningStyle = Automatic;
					};
					DA5F58CF1E85BA5D00BA4D0A = {
						CreatedOnToolsVersion = 8.2.1;
						DevelopmentTeam = GJZR2MEM28;
						ProvisioningStyle = Automatic;
					};
					DA5F58F31E85C13700BA4D0A = {
						CreatedOnToolsVersion = 8.2.1;
						DevelopmentTeam = GJZR2MEM28;
						ProvisioningStyle = Automatic;
					};
				};
			};
			buildConfigurationList = 35EBDB571E5E1572006EB3CD /* Build configuration list for PBXProject "OSRMTextInstructions" */;
			compatibilityVersion = "Xcode 3.2";
			developmentRegion = English;
			hasScannedForEncodings = 0;
			knownRegions = (
				en,
			);
			mainGroup = 35EBDB531E5E1572006EB3CD;
			productRefGroup = 35EBDB5E1E5E1572006EB3CD /* Products */;
			projectDirPath = "";
			projectRoot = "";
			targets = (
				35EBDB5C1E5E1572006EB3CD /* OSRMTextInstructions */,
				352BBC281E5E4D4200703DF1 /* OSRMTextInstructionsTests */,
				DA5F58921E85A32C00BA4D0A /* OSRMTextInstructionsMac */,
				DA5F589A1E85A32C00BA4D0A /* OSRMTextInstructionsMacTests */,
				DA5F58C71E85BA5D00BA4D0A /* OSRMTextInstructionsTV */,
				DA5F58CF1E85BA5D00BA4D0A /* OSRMTextInstructionsTVTests */,
				DA5F58F31E85C13700BA4D0A /* OSRMTextInstructionsWatch */,
			);
		};
/* End PBXProject section */

/* Begin PBXResourcesBuildPhase section */
		352BBC271E5E4D4200703DF1 /* Resources */ = {
			isa = PBXResourcesBuildPhase;
			buildActionMask = 2147483647;
			files = (
				352BBC391E5E5AB400703DF1 /* osrm-text-instructions in Resources */,
			);
			runOnlyForDeploymentPostprocessing = 0;
		};
		35EBDB5B1E5E1572006EB3CD /* Resources */ = {
			isa = PBXResourcesBuildPhase;
			buildActionMask = 2147483647;
			files = (
			);
			runOnlyForDeploymentPostprocessing = 0;
		};
		DA5F58911E85A32C00BA4D0A /* Resources */ = {
			isa = PBXResourcesBuildPhase;
			buildActionMask = 2147483647;
			files = (
			);
			runOnlyForDeploymentPostprocessing = 0;
		};
		DA5F58991E85A32C00BA4D0A /* Resources */ = {
			isa = PBXResourcesBuildPhase;
			buildActionMask = 2147483647;
			files = (
				DA5F58E11E85BDCE00BA4D0A /* osrm-text-instructions in Resources */,
			);
			runOnlyForDeploymentPostprocessing = 0;
		};
		DA5F58C61E85BA5D00BA4D0A /* Resources */ = {
			isa = PBXResourcesBuildPhase;
			buildActionMask = 2147483647;
			files = (
			);
			runOnlyForDeploymentPostprocessing = 0;
		};
		DA5F58CE1E85BA5D00BA4D0A /* Resources */ = {
			isa = PBXResourcesBuildPhase;
			buildActionMask = 2147483647;
			files = (
				DA5F58E21E85BDCE00BA4D0A /* osrm-text-instructions in Resources */,
			);
			runOnlyForDeploymentPostprocessing = 0;
		};
		DA5F58F21E85C13700BA4D0A /* Resources */ = {
			isa = PBXResourcesBuildPhase;
			buildActionMask = 2147483647;
			files = (
			);
			runOnlyForDeploymentPostprocessing = 0;
		};
/* End PBXResourcesBuildPhase section */

/* Begin PBXShellScriptBuildPhase section */
		352BBC371E5E507800703DF1 /* ShellScript */ = {
			isa = PBXShellScriptBuildPhase;
			buildActionMask = 2147483647;
			files = (
			);
			inputPaths = (
				"$(SRCROOT)/Carthage/Build/iOS/MapboxDirections.framework",
				"$(SRCROOT)/Carthage/Build/iOS/Polyline.framework",
			);
			outputPaths = (
			);
			runOnlyForDeploymentPostprocessing = 0;
			shellPath = /bin/sh;
			shellScript = "/usr/local/bin/carthage copy-frameworks";
		};
		DA2DFB411E84521100CEEBE9 /* Copy Instructions Property Lists */ = {
			isa = PBXShellScriptBuildPhase;
			buildActionMask = 2147483647;
			files = (
			);
			inputPaths = (
			);
			name = "Copy Instructions Property Lists";
			outputPaths = (
			);
			runOnlyForDeploymentPostprocessing = 0;
			shellPath = /bin/sh;
			shellScript = ./json2plist.sh;
		};
		DA5F58B11E85B12100BA4D0A /* Copy Instructions Property Lists */ = {
			isa = PBXShellScriptBuildPhase;
			buildActionMask = 2147483647;
			files = (
			);
			inputPaths = (
			);
			name = "Copy Instructions Property Lists";
			outputPaths = (
			);
			runOnlyForDeploymentPostprocessing = 0;
			shellPath = /bin/sh;
			shellScript = ./json2plist.sh;
		};
		DA5F58E01E85BCC400BA4D0A /* ShellScript */ = {
			isa = PBXShellScriptBuildPhase;
			buildActionMask = 2147483647;
			files = (
			);
			inputPaths = (
				"$(SRCROOT)/Carthage/Build/Mac/MapboxDirections.framework",
				"$(SRCROOT)/Carthage/Build/Mac/Polyline.framework",
			);
			outputPaths = (
			);
			runOnlyForDeploymentPostprocessing = 0;
			shellPath = /bin/sh;
			shellScript = "/usr/local/bin/carthage copy-frameworks";
		};
		DA5F58E71E85BE2A00BA4D0A /* Copy Instructions Property Lists */ = {
			isa = PBXShellScriptBuildPhase;
			buildActionMask = 2147483647;
			files = (
			);
			inputPaths = (
			);
			name = "Copy Instructions Property Lists";
			outputPaths = (
			);
			runOnlyForDeploymentPostprocessing = 0;
			shellPath = /bin/sh;
			shellScript = ./json2plist.sh;
		};
		DA5F58EC1E85BEBE00BA4D0A /* ShellScript */ = {
			isa = PBXShellScriptBuildPhase;
			buildActionMask = 2147483647;
			files = (
			);
			inputPaths = (
				"$(SRCROOT)/Carthage/Build/tvOS/MapboxDirections.framework",
				"$(SRCROOT)/Carthage/Build/tvOS/Polyline.framework",
			);
			outputPaths = (
			);
			runOnlyForDeploymentPostprocessing = 0;
			shellPath = /bin/sh;
			shellScript = "/usr/local/bin/carthage copy-frameworks";
		};
		DA5F59031E85C1D700BA4D0A /* Copy Instructions Property Lists */ = {
			isa = PBXShellScriptBuildPhase;
			buildActionMask = 2147483647;
			files = (
			);
			inputPaths = (
			);
			name = "Copy Instructions Property Lists";
			outputPaths = (
			);
			runOnlyForDeploymentPostprocessing = 0;
			shellPath = /bin/sh;
			shellScript = ./json2plist.sh;
		};
/* End PBXShellScriptBuildPhase section */

/* Begin PBXSourcesBuildPhase section */
		352BBC251E5E4D4200703DF1 /* Sources */ = {
			isa = PBXSourcesBuildPhase;
			buildActionMask = 2147483647;
			files = (
				352BBC2C1E5E4D4200703DF1 /* OSRMTextInstructionsTests.swift in Sources */,
			);
			runOnlyForDeploymentPostprocessing = 0;
		};
		35EBDB581E5E1572006EB3CD /* Sources */ = {
			isa = PBXSourcesBuildPhase;
			buildActionMask = 2147483647;
			files = (
				358D145B1E5E355600ADE590 /* OSRMTextInstructions.swift in Sources */,
				C51B63E91E65FA04002F4634 /* TokenType.swift in Sources */,
			);
			runOnlyForDeploymentPostprocessing = 0;
		};
		DA5F588E1E85A32C00BA4D0A /* Sources */ = {
			isa = PBXSourcesBuildPhase;
			buildActionMask = 2147483647;
			files = (
				DA5F58AC1E85B0A500BA4D0A /* OSRMTextInstructions.swift in Sources */,
				DA5F58AD1E85B0A500BA4D0A /* TokenType.swift in Sources */,
			);
			runOnlyForDeploymentPostprocessing = 0;
		};
		DA5F58971E85A32C00BA4D0A /* Sources */ = {
			isa = PBXSourcesBuildPhase;
			buildActionMask = 2147483647;
			files = (
				DA5F58AE1E85B0AE00BA4D0A /* OSRMTextInstructionsTests.swift in Sources */,
			);
			runOnlyForDeploymentPostprocessing = 0;
		};
		DA5F58C31E85BA5D00BA4D0A /* Sources */ = {
			isa = PBXSourcesBuildPhase;
			buildActionMask = 2147483647;
			files = (
				DA5F58E41E85BE1500BA4D0A /* OSRMTextInstructions.swift in Sources */,
				DA5F58E51E85BE1500BA4D0A /* TokenType.swift in Sources */,
			);
			runOnlyForDeploymentPostprocessing = 0;
		};
		DA5F58CC1E85BA5D00BA4D0A /* Sources */ = {
			isa = PBXSourcesBuildPhase;
			buildActionMask = 2147483647;
			files = (
				DA5F58E61E85BE1900BA4D0A /* OSRMTextInstructionsTests.swift in Sources */,
			);
			runOnlyForDeploymentPostprocessing = 0;
		};
		DA5F58EF1E85C13700BA4D0A /* Sources */ = {
			isa = PBXSourcesBuildPhase;
			buildActionMask = 2147483647;
			files = (
				DA5F58FD1E85C19E00BA4D0A /* OSRMTextInstructions.swift in Sources */,
				DA5F58FE1E85C19E00BA4D0A /* TokenType.swift in Sources */,
			);
			runOnlyForDeploymentPostprocessing = 0;
		};
/* End PBXSourcesBuildPhase section */

/* Begin PBXTargetDependency section */
		352BBC301E5E4D4200703DF1 /* PBXTargetDependency */ = {
			isa = PBXTargetDependency;
			target = 35EBDB5C1E5E1572006EB3CD /* OSRMTextInstructions */;
			targetProxy = 352BBC2F1E5E4D4200703DF1 /* PBXContainerItemProxy */;
		};
		DA5F589E1E85A32C00BA4D0A /* PBXTargetDependency */ = {
			isa = PBXTargetDependency;
			target = DA5F58921E85A32C00BA4D0A /* OSRMTextInstructionsMac */;
			targetProxy = DA5F589D1E85A32C00BA4D0A /* PBXContainerItemProxy */;
		};
		DA5F58D31E85BA5D00BA4D0A /* PBXTargetDependency */ = {
			isa = PBXTargetDependency;
			target = DA5F58C71E85BA5D00BA4D0A /* OSRMTextInstructionsTV */;
			targetProxy = DA5F58D21E85BA5D00BA4D0A /* PBXContainerItemProxy */;
		};
/* End PBXTargetDependency section */

/* Begin XCBuildConfiguration section */
		352BBC311E5E4D4200703DF1 /* Debug */ = {
			isa = XCBuildConfiguration;
			buildSettings = {
				DEVELOPMENT_TEAM = GJZR2MEM28;
				FRAMEWORK_SEARCH_PATHS = (
					"$(inherited)",
					"$(PROJECT_DIR)/Carthage/Build/iOS",
				);
				INFOPLIST_FILE = OSRMTextInstructionsTests/Info.plist;
				LD_RUNPATH_SEARCH_PATHS = "$(inherited) @executable_path/Frameworks @loader_path/Frameworks";
				PRODUCT_BUNDLE_IDENTIFIER = com.mapbox.OSRMTextInstructionsTests;
				PRODUCT_NAME = "$(TARGET_NAME)";
				SWIFT_VERSION = 3.0;
			};
			name = Debug;
		};
		352BBC321E5E4D4200703DF1 /* Release */ = {
			isa = XCBuildConfiguration;
			buildSettings = {
				DEVELOPMENT_TEAM = GJZR2MEM28;
				FRAMEWORK_SEARCH_PATHS = (
					"$(inherited)",
					"$(PROJECT_DIR)/Carthage/Build/iOS",
				);
				INFOPLIST_FILE = OSRMTextInstructionsTests/Info.plist;
				LD_RUNPATH_SEARCH_PATHS = "$(inherited) @executable_path/Frameworks @loader_path/Frameworks";
				PRODUCT_BUNDLE_IDENTIFIER = com.mapbox.OSRMTextInstructionsTests;
				PRODUCT_NAME = "$(TARGET_NAME)";
				SWIFT_VERSION = 3.0;
			};
			name = Release;
		};
		35EBDB631E5E1572006EB3CD /* Debug */ = {
			isa = XCBuildConfiguration;
			buildSettings = {
				ALWAYS_SEARCH_USER_PATHS = NO;
				CLANG_ANALYZER_LOCALIZABILITY_NONLOCALIZED = YES;
				CLANG_ANALYZER_NONNULL = YES;
				CLANG_CXX_LANGUAGE_STANDARD = "gnu++0x";
				CLANG_CXX_LIBRARY = "libc++";
				CLANG_ENABLE_MODULES = YES;
				CLANG_ENABLE_OBJC_ARC = YES;
				CLANG_WARN_BOOL_CONVERSION = YES;
				CLANG_WARN_CONSTANT_CONVERSION = YES;
				CLANG_WARN_DIRECT_OBJC_ISA_USAGE = YES_ERROR;
				CLANG_WARN_DOCUMENTATION_COMMENTS = YES;
				CLANG_WARN_EMPTY_BODY = YES;
				CLANG_WARN_ENUM_CONVERSION = YES;
				CLANG_WARN_INFINITE_RECURSION = YES;
				CLANG_WARN_INT_CONVERSION = YES;
				CLANG_WARN_OBJC_ROOT_CLASS = YES_ERROR;
				CLANG_WARN_SUSPICIOUS_MOVE = YES;
				CLANG_WARN_UNREACHABLE_CODE = YES;
				CLANG_WARN__DUPLICATE_METHOD_MATCH = YES;
				"CODE_SIGN_IDENTITY[sdk=iphoneos*]" = "iPhone Developer";
				COPY_PHASE_STRIP = NO;
				CURRENT_PROJECT_VERSION = 1;
				DEBUG_INFORMATION_FORMAT = dwarf;
				ENABLE_STRICT_OBJC_MSGSEND = YES;
				ENABLE_TESTABILITY = YES;
				GCC_C_LANGUAGE_STANDARD = gnu99;
				GCC_DYNAMIC_NO_PIC = NO;
				GCC_NO_COMMON_BLOCKS = YES;
				GCC_OPTIMIZATION_LEVEL = 0;
				GCC_PREPROCESSOR_DEFINITIONS = (
					"DEBUG=1",
					"$(inherited)",
				);
				GCC_WARN_64_TO_32_BIT_CONVERSION = YES;
				GCC_WARN_ABOUT_RETURN_TYPE = YES_ERROR;
				GCC_WARN_UNDECLARED_SELECTOR = YES;
				GCC_WARN_UNINITIALIZED_AUTOS = YES_AGGRESSIVE;
				GCC_WARN_UNUSED_FUNCTION = YES;
				GCC_WARN_UNUSED_VARIABLE = YES;
				IPHONEOS_DEPLOYMENT_TARGET = 8.0;
				MACOSX_DEPLOYMENT_TARGET = 10.10;
				MTL_ENABLE_DEBUG_INFO = YES;
				ONLY_ACTIVE_ARCH = YES;
				SDKROOT = iphoneos;
				SWIFT_ACTIVE_COMPILATION_CONDITIONS = DEBUG;
				SWIFT_OPTIMIZATION_LEVEL = "-Onone";
				TARGETED_DEVICE_FAMILY = "1,2";
				TVOS_DEPLOYMENT_TARGET = 9.0;
				VERSIONING_SYSTEM = "apple-generic";
				VERSION_INFO_PREFIX = "";
				WATCHOS_DEPLOYMENT_TARGET = 2.0;
			};
			name = Debug;
		};
		35EBDB641E5E1572006EB3CD /* Release */ = {
			isa = XCBuildConfiguration;
			buildSettings = {
				ALWAYS_SEARCH_USER_PATHS = NO;
				CLANG_ANALYZER_LOCALIZABILITY_NONLOCALIZED = YES;
				CLANG_ANALYZER_NONNULL = YES;
				CLANG_CXX_LANGUAGE_STANDARD = "gnu++0x";
				CLANG_CXX_LIBRARY = "libc++";
				CLANG_ENABLE_MODULES = YES;
				CLANG_ENABLE_OBJC_ARC = YES;
				CLANG_WARN_BOOL_CONVERSION = YES;
				CLANG_WARN_CONSTANT_CONVERSION = YES;
				CLANG_WARN_DIRECT_OBJC_ISA_USAGE = YES_ERROR;
				CLANG_WARN_DOCUMENTATION_COMMENTS = YES;
				CLANG_WARN_EMPTY_BODY = YES;
				CLANG_WARN_ENUM_CONVERSION = YES;
				CLANG_WARN_INFINITE_RECURSION = YES;
				CLANG_WARN_INT_CONVERSION = YES;
				CLANG_WARN_OBJC_ROOT_CLASS = YES_ERROR;
				CLANG_WARN_SUSPICIOUS_MOVE = YES;
				CLANG_WARN_UNREACHABLE_CODE = YES;
				CLANG_WARN__DUPLICATE_METHOD_MATCH = YES;
				"CODE_SIGN_IDENTITY[sdk=iphoneos*]" = "iPhone Developer";
				COPY_PHASE_STRIP = NO;
				CURRENT_PROJECT_VERSION = 1;
				DEBUG_INFORMATION_FORMAT = "dwarf-with-dsym";
				ENABLE_NS_ASSERTIONS = NO;
				ENABLE_STRICT_OBJC_MSGSEND = YES;
				GCC_C_LANGUAGE_STANDARD = gnu99;
				GCC_NO_COMMON_BLOCKS = YES;
				GCC_WARN_64_TO_32_BIT_CONVERSION = YES;
				GCC_WARN_ABOUT_RETURN_TYPE = YES_ERROR;
				GCC_WARN_UNDECLARED_SELECTOR = YES;
				GCC_WARN_UNINITIALIZED_AUTOS = YES_AGGRESSIVE;
				GCC_WARN_UNUSED_FUNCTION = YES;
				GCC_WARN_UNUSED_VARIABLE = YES;
				IPHONEOS_DEPLOYMENT_TARGET = 8.0;
				MACOSX_DEPLOYMENT_TARGET = 10.10;
				MTL_ENABLE_DEBUG_INFO = NO;
				SDKROOT = iphoneos;
				SWIFT_OPTIMIZATION_LEVEL = "-Owholemodule";
				TARGETED_DEVICE_FAMILY = "1,2";
				TVOS_DEPLOYMENT_TARGET = 9.0;
				VALIDATE_PRODUCT = YES;
				VERSIONING_SYSTEM = "apple-generic";
				VERSION_INFO_PREFIX = "";
				WATCHOS_DEPLOYMENT_TARGET = 2.0;
			};
			name = Release;
		};
		35EBDB661E5E1572006EB3CD /* Debug */ = {
			isa = XCBuildConfiguration;
			buildSettings = {
				CLANG_ENABLE_MODULES = YES;
				CODE_SIGN_IDENTITY = "";
				DEFINES_MODULE = YES;
				DEVELOPMENT_TEAM = GJZR2MEM28;
				DYLIB_COMPATIBILITY_VERSION = 1;
				DYLIB_CURRENT_VERSION = 1;
				DYLIB_INSTALL_NAME_BASE = "@rpath";
				FRAMEWORK_SEARCH_PATHS = (
					"$(inherited)",
					"$(PROJECT_DIR)/Carthage/Build/iOS",
				);
				INFOPLIST_FILE = OSRMTextInstructions/Info.plist;
				INSTALL_PATH = "$(LOCAL_LIBRARY_DIR)/Frameworks";
				LD_RUNPATH_SEARCH_PATHS = "$(inherited) @executable_path/Frameworks @loader_path/Frameworks";
				PRODUCT_BUNDLE_IDENTIFIER = "org.project-osrm.OSRMTextInstructions";
				PRODUCT_NAME = "$(TARGET_NAME)";
				SKIP_INSTALL = YES;
				SWIFT_OPTIMIZATION_LEVEL = "-Onone";
				SWIFT_VERSION = 3.0;
			};
			name = Debug;
		};
		35EBDB671E5E1572006EB3CD /* Release */ = {
			isa = XCBuildConfiguration;
			buildSettings = {
				CLANG_ENABLE_MODULES = YES;
				CODE_SIGN_IDENTITY = "";
				DEFINES_MODULE = YES;
				DEVELOPMENT_TEAM = GJZR2MEM28;
				DYLIB_COMPATIBILITY_VERSION = 1;
				DYLIB_CURRENT_VERSION = 1;
				DYLIB_INSTALL_NAME_BASE = "@rpath";
				FRAMEWORK_SEARCH_PATHS = (
					"$(inherited)",
					"$(PROJECT_DIR)/Carthage/Build/iOS",
				);
				INFOPLIST_FILE = OSRMTextInstructions/Info.plist;
				INSTALL_PATH = "$(LOCAL_LIBRARY_DIR)/Frameworks";
				LD_RUNPATH_SEARCH_PATHS = "$(inherited) @executable_path/Frameworks @loader_path/Frameworks";
				PRODUCT_BUNDLE_IDENTIFIER = "org.project-osrm.OSRMTextInstructions";
				PRODUCT_NAME = "$(TARGET_NAME)";
				SKIP_INSTALL = YES;
				SWIFT_VERSION = 3.0;
			};
			name = Release;
		};
		DA5F58A41E85A32C00BA4D0A /* Debug */ = {
			isa = XCBuildConfiguration;
			buildSettings = {
				CODE_SIGN_IDENTITY = "";
				COMBINE_HIDPI_IMAGES = YES;
				DEFINES_MODULE = YES;
				DEVELOPMENT_TEAM = GJZR2MEM28;
				DYLIB_COMPATIBILITY_VERSION = 1;
				DYLIB_CURRENT_VERSION = 1;
				DYLIB_INSTALL_NAME_BASE = "@rpath";
				FRAMEWORK_SEARCH_PATHS = (
					"$(inherited)",
					"$(PROJECT_DIR)/Carthage/Build/Mac",
				);
				FRAMEWORK_VERSION = A;
				INFOPLIST_FILE = OSRMTextInstructions/Info.plist;
				INSTALL_PATH = "$(LOCAL_LIBRARY_DIR)/Frameworks";
				LD_RUNPATH_SEARCH_PATHS = "$(inherited) @executable_path/../Frameworks @loader_path/Frameworks";
				PRODUCT_BUNDLE_IDENTIFIER = "org.project-osrm.OSRMTextInstructions";
				PRODUCT_NAME = OSRMTextInstructions;
				SDKROOT = macosx;
				SKIP_INSTALL = YES;
				SWIFT_VERSION = 3.0;
			};
			name = Debug;
		};
		DA5F58A51E85A32C00BA4D0A /* Release */ = {
			isa = XCBuildConfiguration;
			buildSettings = {
				CODE_SIGN_IDENTITY = "";
				COMBINE_HIDPI_IMAGES = YES;
				DEFINES_MODULE = YES;
				DEVELOPMENT_TEAM = GJZR2MEM28;
				DYLIB_COMPATIBILITY_VERSION = 1;
				DYLIB_CURRENT_VERSION = 1;
				DYLIB_INSTALL_NAME_BASE = "@rpath";
				FRAMEWORK_SEARCH_PATHS = (
					"$(inherited)",
					"$(PROJECT_DIR)/Carthage/Build/Mac",
				);
				FRAMEWORK_VERSION = A;
				INFOPLIST_FILE = OSRMTextInstructions/Info.plist;
				INSTALL_PATH = "$(LOCAL_LIBRARY_DIR)/Frameworks";
				LD_RUNPATH_SEARCH_PATHS = "$(inherited) @executable_path/../Frameworks @loader_path/Frameworks";
				PRODUCT_BUNDLE_IDENTIFIER = "org.project-osrm.OSRMTextInstructions";
				PRODUCT_NAME = OSRMTextInstructions;
				SDKROOT = macosx;
				SKIP_INSTALL = YES;
				SWIFT_VERSION = 3.0;
			};
			name = Release;
		};
		DA5F58A61E85A32C00BA4D0A /* Debug */ = {
			isa = XCBuildConfiguration;
			buildSettings = {
				ALWAYS_EMBED_SWIFT_STANDARD_LIBRARIES = YES;
				CODE_SIGN_IDENTITY = "-";
				COMBINE_HIDPI_IMAGES = YES;
				DEVELOPMENT_TEAM = GJZR2MEM28;
				FRAMEWORK_SEARCH_PATHS = (
					"$(inherited)",
					"$(PROJECT_DIR)/Carthage/Build/Mac",
				);
				INFOPLIST_FILE = OSRMTextInstructionsTests/Info.plist;
				LD_RUNPATH_SEARCH_PATHS = "$(inherited) @executable_path/../Frameworks @loader_path/../Frameworks";
				PRODUCT_BUNDLE_IDENTIFIER = "org.project-osrm.OSRMTextInstructionsTests";
				PRODUCT_NAME = OSRMTextInstructionsTests;
				SDKROOT = macosx;
				SWIFT_VERSION = 3.0;
			};
			name = Debug;
		};
		DA5F58A71E85A32C00BA4D0A /* Release */ = {
			isa = XCBuildConfiguration;
			buildSettings = {
				ALWAYS_EMBED_SWIFT_STANDARD_LIBRARIES = YES;
				CODE_SIGN_IDENTITY = "-";
				COMBINE_HIDPI_IMAGES = YES;
				DEVELOPMENT_TEAM = GJZR2MEM28;
				FRAMEWORK_SEARCH_PATHS = (
					"$(inherited)",
					"$(PROJECT_DIR)/Carthage/Build/Mac",
				);
				INFOPLIST_FILE = OSRMTextInstructionsTests/Info.plist;
				LD_RUNPATH_SEARCH_PATHS = "$(inherited) @executable_path/../Frameworks @loader_path/../Frameworks";
				PRODUCT_BUNDLE_IDENTIFIER = "org.project-osrm.OSRMTextInstructionsTests";
				PRODUCT_NAME = OSRMTextInstructionsTests;
				SDKROOT = macosx;
				SWIFT_VERSION = 3.0;
			};
			name = Release;
		};
		DA5F58DA1E85BA5D00BA4D0A /* Debug */ = {
			isa = XCBuildConfiguration;
			buildSettings = {
				CODE_SIGN_IDENTITY = "";
				DEFINES_MODULE = YES;
				DEVELOPMENT_TEAM = GJZR2MEM28;
				DYLIB_COMPATIBILITY_VERSION = 1;
				DYLIB_CURRENT_VERSION = 1;
				DYLIB_INSTALL_NAME_BASE = "@rpath";
				FRAMEWORK_SEARCH_PATHS = (
					"$(inherited)",
					"$(PROJECT_DIR)/Carthage/Build/tvOS",
				);
				INFOPLIST_FILE = OSRMTextInstructions/Info.plist;
				INSTALL_PATH = "$(LOCAL_LIBRARY_DIR)/Frameworks";
				LD_RUNPATH_SEARCH_PATHS = "$(inherited) @executable_path/Frameworks @loader_path/Frameworks";
				PRODUCT_BUNDLE_IDENTIFIER = "org.project-osrm.OSRMTextInstructions";
				PRODUCT_NAME = OSRMTextInstructions;
				SDKROOT = appletvos;
				SKIP_INSTALL = YES;
				SWIFT_VERSION = 3.0;
				TARGETED_DEVICE_FAMILY = 3;
			};
			name = Debug;
		};
		DA5F58DB1E85BA5D00BA4D0A /* Release */ = {
			isa = XCBuildConfiguration;
			buildSettings = {
				CODE_SIGN_IDENTITY = "";
				DEFINES_MODULE = YES;
				DEVELOPMENT_TEAM = GJZR2MEM28;
				DYLIB_COMPATIBILITY_VERSION = 1;
				DYLIB_CURRENT_VERSION = 1;
				DYLIB_INSTALL_NAME_BASE = "@rpath";
				FRAMEWORK_SEARCH_PATHS = (
					"$(inherited)",
					"$(PROJECT_DIR)/Carthage/Build/tvOS",
				);
				INFOPLIST_FILE = OSRMTextInstructions/Info.plist;
				INSTALL_PATH = "$(LOCAL_LIBRARY_DIR)/Frameworks";
				LD_RUNPATH_SEARCH_PATHS = "$(inherited) @executable_path/Frameworks @loader_path/Frameworks";
				PRODUCT_BUNDLE_IDENTIFIER = "org.project-osrm.OSRMTextInstructions";
				PRODUCT_NAME = OSRMTextInstructions;
				SDKROOT = appletvos;
				SKIP_INSTALL = YES;
				SWIFT_VERSION = 3.0;
				TARGETED_DEVICE_FAMILY = 3;
			};
			name = Release;
		};
		DA5F58DD1E85BA5D00BA4D0A /* Debug */ = {
			isa = XCBuildConfiguration;
			buildSettings = {
				ALWAYS_EMBED_SWIFT_STANDARD_LIBRARIES = YES;
				DEVELOPMENT_TEAM = GJZR2MEM28;
				FRAMEWORK_SEARCH_PATHS = (
					"$(inherited)",
					"$(PROJECT_DIR)/Carthage/Build/tvOS",
				);
				INFOPLIST_FILE = OSRMTextInstructionsTests/Info.plist;
				LD_RUNPATH_SEARCH_PATHS = "$(inherited) @executable_path/Frameworks @loader_path/Frameworks";
				PRODUCT_BUNDLE_IDENTIFIER = "org.project-osrm.OSRMTextInstructionsTests";
				PRODUCT_NAME = OSRMTextInstructionsTests;
				SDKROOT = appletvos;
				SWIFT_VERSION = 3.0;
			};
			name = Debug;
		};
		DA5F58DE1E85BA5D00BA4D0A /* Release */ = {
			isa = XCBuildConfiguration;
			buildSettings = {
				ALWAYS_EMBED_SWIFT_STANDARD_LIBRARIES = YES;
				DEVELOPMENT_TEAM = GJZR2MEM28;
				FRAMEWORK_SEARCH_PATHS = (
					"$(inherited)",
					"$(PROJECT_DIR)/Carthage/Build/tvOS",
				);
				INFOPLIST_FILE = OSRMTextInstructionsTests/Info.plist;
				LD_RUNPATH_SEARCH_PATHS = "$(inherited) @executable_path/Frameworks @loader_path/Frameworks";
				PRODUCT_BUNDLE_IDENTIFIER = "org.project-osrm.OSRMTextInstructionsTests";
				PRODUCT_NAME = OSRMTextInstructionsTests;
				SDKROOT = appletvos;
				SWIFT_VERSION = 3.0;
			};
			name = Release;
		};
		DA5F58FA1E85C13700BA4D0A /* Debug */ = {
			isa = XCBuildConfiguration;
			buildSettings = {
				APPLICATION_EXTENSION_API_ONLY = YES;
				CODE_SIGN_IDENTITY = "";
				DEFINES_MODULE = YES;
				DEVELOPMENT_TEAM = GJZR2MEM28;
				DYLIB_COMPATIBILITY_VERSION = 1;
				DYLIB_CURRENT_VERSION = 1;
				DYLIB_INSTALL_NAME_BASE = "@rpath";
				FRAMEWORK_SEARCH_PATHS = (
					"$(inherited)",
					"$(PROJECT_DIR)/Carthage/Build/watchOS",
				);
				INFOPLIST_FILE = OSRMTextInstructions/Info.plist;
				INSTALL_PATH = "$(LOCAL_LIBRARY_DIR)/Frameworks";
				LD_RUNPATH_SEARCH_PATHS = "$(inherited) @executable_path/Frameworks @loader_path/Frameworks";
				PRODUCT_BUNDLE_IDENTIFIER = "org.project-osrm.OSRMTextInstructions";
				PRODUCT_NAME = OSRMTextInstructions;
				SDKROOT = watchos;
				SKIP_INSTALL = YES;
				SWIFT_VERSION = 3.0;
				TARGETED_DEVICE_FAMILY = 4;
				WATCHOS_DEPLOYMENT_TARGET = 3.1;
			};
			name = Debug;
		};
		DA5F58FB1E85C13700BA4D0A /* Release */ = {
			isa = XCBuildConfiguration;
			buildSettings = {
				APPLICATION_EXTENSION_API_ONLY = YES;
				CODE_SIGN_IDENTITY = "";
				DEFINES_MODULE = YES;
				DEVELOPMENT_TEAM = GJZR2MEM28;
				DYLIB_COMPATIBILITY_VERSION = 1;
				DYLIB_CURRENT_VERSION = 1;
				DYLIB_INSTALL_NAME_BASE = "@rpath";
				FRAMEWORK_SEARCH_PATHS = (
					"$(inherited)",
					"$(PROJECT_DIR)/Carthage/Build/watchOS",
				);
				INFOPLIST_FILE = OSRMTextInstructions/Info.plist;
				INSTALL_PATH = "$(LOCAL_LIBRARY_DIR)/Frameworks";
				LD_RUNPATH_SEARCH_PATHS = "$(inherited) @executable_path/Frameworks @loader_path/Frameworks";
				PRODUCT_BUNDLE_IDENTIFIER = "org.project-osrm.OSRMTextInstructions";
				PRODUCT_NAME = OSRMTextInstructions;
				SDKROOT = watchos;
				SKIP_INSTALL = YES;
				SWIFT_VERSION = 3.0;
				TARGETED_DEVICE_FAMILY = 4;
				WATCHOS_DEPLOYMENT_TARGET = 3.1;
			};
			name = Release;
		};
/* End XCBuildConfiguration section */

/* Begin XCConfigurationList section */
		352BBC331E5E4D4200703DF1 /* Build configuration list for PBXNativeTarget "OSRMTextInstructionsTests" */ = {
			isa = XCConfigurationList;
			buildConfigurations = (
				352BBC311E5E4D4200703DF1 /* Debug */,
				352BBC321E5E4D4200703DF1 /* Release */,
			);
			defaultConfigurationIsVisible = 0;
			defaultConfigurationName = Release;
		};
		35EBDB571E5E1572006EB3CD /* Build configuration list for PBXProject "OSRMTextInstructions" */ = {
			isa = XCConfigurationList;
			buildConfigurations = (
				35EBDB631E5E1572006EB3CD /* Debug */,
				35EBDB641E5E1572006EB3CD /* Release */,
			);
			defaultConfigurationIsVisible = 0;
			defaultConfigurationName = Release;
		};
		35EBDB651E5E1572006EB3CD /* Build configuration list for PBXNativeTarget "OSRMTextInstructions" */ = {
			isa = XCConfigurationList;
			buildConfigurations = (
				35EBDB661E5E1572006EB3CD /* Debug */,
				35EBDB671E5E1572006EB3CD /* Release */,
			);
			defaultConfigurationIsVisible = 0;
			defaultConfigurationName = Release;
		};
		DA5F58A81E85A32C00BA4D0A /* Build configuration list for PBXNativeTarget "OSRMTextInstructionsMac" */ = {
			isa = XCConfigurationList;
			buildConfigurations = (
				DA5F58A41E85A32C00BA4D0A /* Debug */,
				DA5F58A51E85A32C00BA4D0A /* Release */,
			);
			defaultConfigurationIsVisible = 0;
			defaultConfigurationName = Release;
		};
		DA5F58A91E85A32C00BA4D0A /* Build configuration list for PBXNativeTarget "OSRMTextInstructionsMacTests" */ = {
			isa = XCConfigurationList;
			buildConfigurations = (
				DA5F58A61E85A32C00BA4D0A /* Debug */,
				DA5F58A71E85A32C00BA4D0A /* Release */,
			);
			defaultConfigurationIsVisible = 0;
			defaultConfigurationName = Release;
		};
		DA5F58D91E85BA5D00BA4D0A /* Build configuration list for PBXNativeTarget "OSRMTextInstructionsTV" */ = {
			isa = XCConfigurationList;
			buildConfigurations = (
				DA5F58DA1E85BA5D00BA4D0A /* Debug */,
				DA5F58DB1E85BA5D00BA4D0A /* Release */,
			);
			defaultConfigurationIsVisible = 0;
			defaultConfigurationName = Release;
		};
		DA5F58DC1E85BA5D00BA4D0A /* Build configuration list for PBXNativeTarget "OSRMTextInstructionsTVTests" */ = {
			isa = XCConfigurationList;
			buildConfigurations = (
				DA5F58DD1E85BA5D00BA4D0A /* Debug */,
				DA5F58DE1E85BA5D00BA4D0A /* Release */,
			);
			defaultConfigurationIsVisible = 0;
			defaultConfigurationName = Release;
		};
		DA5F58F91E85C13700BA4D0A /* Build configuration list for PBXNativeTarget "OSRMTextInstructionsWatch" */ = {
			isa = XCConfigurationList;
			buildConfigurations = (
				DA5F58FA1E85C13700BA4D0A /* Debug */,
				DA5F58FB1E85C13700BA4D0A /* Release */,
			);
			defaultConfigurationIsVisible = 0;
		};
/* End XCConfigurationList section */
	};
	rootObject = 35EBDB541E5E1572006EB3CD /* Project object */;
}
